{
  "pins" : [
    {
      "identity" : "appleuniversalcore",
      "kind" : "remoteSourceControl",
      "location" : "https://github.com/steventroughtonsmith/AppleUniversalCore.git",
      "state" : {
        "branch" : "main",
        "revision" : "e1232caf11c9c6f9299ed3168f7f941d7d70422f"
      }
    },
    {
      "identity" : "appleuniversalhelp",
      "kind" : "remoteSourceControl",
      "location" : "https://github.com/steventroughtonsmith/AppleUniversalHelp.git",
      "state" : {
        "branch" : "main",
        "revision" : "1ec6b3962eb869c393b04dba81a6fd3af45d7464"
      }
    }
  ],
  "version" : 2
}
